// !$*UTF8*$!
{
	archiveVersion = 1;
	classes = {
	};
	objectVersion = 50;
	objects = {

/* Begin PBXBuildFile section */
		070E09900B4282540D713F6B /* Pods_IdFramework.framework in Frameworks */ = {isa = PBXBuildFile; fileRef = 5171804D649D229E4993D9FE /* Pods_IdFramework.framework */; };
		2709266B2660E1C9000C5896 /* FirebaseAuth.swift in Sources */ = {isa = PBXBuildFile; fileRef = 2709266A2660E1C9000C5896 /* FirebaseAuth.swift */; };
		2709267B2660E359000C5896 /* FirebaseStorage.swift in Sources */ = {isa = PBXBuildFile; fileRef = 2709267A2660E359000C5896 /* FirebaseStorage.swift */; };
		27562A672657EFF600B52EB8 /* (null) in Embed Frameworks */ = {isa = PBXBuildFile; settings = {ATTRIBUTES = (CodeSignOnCopy, RemoveHeadersOnCopy, ); }; };
		27EC64032656E5B5003CCF5D /* IdFramework.h in Headers */ = {isa = PBXBuildFile; fileRef = 27EC64012656E5B5003CCF5D /* IdFramework.h */; settings = {ATTRIBUTES = (Public, ); }; };
		27EC643C2657B0BC003CCF5D /* FirebaseConfig.swift in Sources */ = {isa = PBXBuildFile; fileRef = 27EC643B2657B0BC003CCF5D /* FirebaseConfig.swift */; };
		27EC64442657E45F003CCF5D /* IdFramework.podspec in Resources */ = {isa = PBXBuildFile; fileRef = 27EC643F2657E45F003CCF5D /* IdFramework.podspec */; };
		27EC64452657E45F003CCF5D /* README.md in Resources */ = {isa = PBXBuildFile; fileRef = 27EC64402657E45F003CCF5D /* README.md */; };
		27EC64462657E45F003CCF5D /* Podfile.lock in Resources */ = {isa = PBXBuildFile; fileRef = 27EC64412657E45F003CCF5D /* Podfile.lock */; };
		27EC64472657E45F003CCF5D /* Podfile in Resources */ = {isa = PBXBuildFile; fileRef = 27EC64422657E45F003CCF5D /* Podfile */; };
		27EC64482657E45F003CCF5D /* LICENSE in Resources */ = {isa = PBXBuildFile; fileRef = 27EC64432657E45F003CCF5D /* LICENSE */; };
/* End PBXBuildFile section */

/* Begin PBXContainerItemProxy section */
		270926892660E359000C5896 /* PBXContainerItemProxy */ = {
			isa = PBXContainerItemProxy;
			containerPortal = 27562A2C2657EB4700B52EB8 /* Pods.xcodeproj */;
			proxyType = 2;
			remoteGlobalIDString = 43B1E4CD7B30B9FD278100133C2AC788;
			remoteInfo = FirebaseAuth;
		};
		2709268B2660E359000C5896 /* PBXContainerItemProxy */ = {
			isa = PBXContainerItemProxy;
			containerPortal = 27562A2C2657EB4700B52EB8 /* Pods.xcodeproj */;
			proxyType = 2;
			remoteGlobalIDString = C1998E0D8085221AD87F89B614C10E52;
			remoteInfo = GTMSessionFetcher;
		};
		27562A3A2657EB4700B52EB8 /* PBXContainerItemProxy */ = {
			isa = PBXContainerItemProxy;
			containerPortal = 27562A2C2657EB4700B52EB8 /* Pods.xcodeproj */;
			proxyType = 2;
			remoteGlobalIDString = E2B63D462DB7F827C4B11FD51E4F8E2D;
			remoteInfo = FirebaseCore;
		};
		27562A3C2657EB4700B52EB8 /* PBXContainerItemProxy */ = {
			isa = PBXContainerItemProxy;
			containerPortal = 27562A2C2657EB4700B52EB8 /* Pods.xcodeproj */;
			proxyType = 2;
			remoteGlobalIDString = 8CC9178C366942FD6FF6A115604EAD58;
			remoteInfo = FirebaseCoreDiagnostics;
		};
		27562A3E2657EB4700B52EB8 /* PBXContainerItemProxy */ = {
			isa = PBXContainerItemProxy;
			containerPortal = 27562A2C2657EB4700B52EB8 /* Pods.xcodeproj */;
			proxyType = 2;
			remoteGlobalIDString = 13C8C8B254851998F9289F71229B28A2;
			remoteInfo = FirebaseInstallations;
		};
		27562A402657EB4700B52EB8 /* PBXContainerItemProxy */ = {
			isa = PBXContainerItemProxy;
			containerPortal = 27562A2C2657EB4700B52EB8 /* Pods.xcodeproj */;
			proxyType = 2;
			remoteGlobalIDString = 856B5CD56F194FAD26EA91620B66D614;
			remoteInfo = GoogleDataTransport;
		};
		27562A422657EB4700B52EB8 /* PBXContainerItemProxy */ = {
			isa = PBXContainerItemProxy;
			containerPortal = 27562A2C2657EB4700B52EB8 /* Pods.xcodeproj */;
			proxyType = 2;
			remoteGlobalIDString = B43874C6CBB50E7134FBEC24BABFE14F;
			remoteInfo = GoogleUtilities;
		};
		27562A442657EB4700B52EB8 /* PBXContainerItemProxy */ = {
			isa = PBXContainerItemProxy;
			containerPortal = 27562A2C2657EB4700B52EB8 /* Pods.xcodeproj */;
			proxyType = 2;
			remoteGlobalIDString = 06FC5C9CF96D60C50FCD47D339C91951;
			remoteInfo = nanopb;
		};
		27562A462657EB4700B52EB8 /* PBXContainerItemProxy */ = {
			isa = PBXContainerItemProxy;
			containerPortal = 27562A2C2657EB4700B52EB8 /* Pods.xcodeproj */;
			proxyType = 2;
			remoteGlobalIDString = 1B7B32E597E9A1A31D2878459DB4E362;
			remoteInfo = "Pods-IdFramework";
		};
		27562A482657EB4700B52EB8 /* PBXContainerItemProxy */ = {
			isa = PBXContainerItemProxy;
			containerPortal = 27562A2C2657EB4700B52EB8 /* Pods.xcodeproj */;
			proxyType = 2;
			remoteGlobalIDString = 3347A1AB6546F0A3977529B8F199DC41;
			remoteInfo = PromisesObjC;
		};
/* End PBXContainerItemProxy section */

/* Begin PBXCopyFilesBuildPhase section */
		27562A682657EFF600B52EB8 /* Embed Frameworks */ = {
			isa = PBXCopyFilesBuildPhase;
			buildActionMask = 2147483647;
			dstPath = "";
			dstSubfolderSpec = 10;
			files = (
				27562A672657EFF600B52EB8 /* (null) in Embed Frameworks */,
			);
			name = "Embed Frameworks";
			runOnlyForDeploymentPostprocessing = 0;
		};
/* End PBXCopyFilesBuildPhase section */

/* Begin PBXFileReference section */
		2709266A2660E1C9000C5896 /* FirebaseAuth.swift */ = {isa = PBXFileReference; lastKnownFileType = sourcecode.swift; path = FirebaseAuth.swift; sourceTree = "<group>"; };
		2709267A2660E359000C5896 /* FirebaseStorage.swift */ = {isa = PBXFileReference; lastKnownFileType = sourcecode.swift; path = FirebaseStorage.swift; sourceTree = "<group>"; };
		27562A292657EB1F00B52EB8 /* libFirebaseCore.a */ = {isa = PBXFileReference; explicitFileType = archive.ar; path = libFirebaseCore.a; sourceTree = BUILT_PRODUCTS_DIR; };
		27562A2C2657EB4700B52EB8 /* Pods.xcodeproj */ = {isa = PBXFileReference; lastKnownFileType = "wrapper.pb-project"; name = Pods.xcodeproj; path = Pods/Pods.xcodeproj; sourceTree = "<group>"; };
		27EC63FE2656E5B5003CCF5D /* IdFramework.framework */ = {isa = PBXFileReference; explicitFileType = wrapper.framework; includeInIndex = 0; path = IdFramework.framework; sourceTree = BUILT_PRODUCTS_DIR; };
		27EC64012656E5B5003CCF5D /* IdFramework.h */ = {isa = PBXFileReference; lastKnownFileType = sourcecode.c.h; path = IdFramework.h; sourceTree = "<group>"; };
		27EC64022656E5B5003CCF5D /* Info.plist */ = {isa = PBXFileReference; lastKnownFileType = text.plist.xml; path = Info.plist; sourceTree = "<group>"; };
		27EC643B2657B0BC003CCF5D /* FirebaseConfig.swift */ = {isa = PBXFileReference; lastKnownFileType = sourcecode.swift; path = FirebaseConfig.swift; sourceTree = "<group>"; };
		27EC643F2657E45F003CCF5D /* IdFramework.podspec */ = {isa = PBXFileReference; lastKnownFileType = text; path = IdFramework.podspec; sourceTree = SOURCE_ROOT; };
		27EC64402657E45F003CCF5D /* README.md */ = {isa = PBXFileReference; fileEncoding = 4; lastKnownFileType = net.daringfireball.markdown; path = README.md; sourceTree = SOURCE_ROOT; };
		27EC64412657E45F003CCF5D /* Podfile.lock */ = {isa = PBXFileReference; lastKnownFileType = text; path = Podfile.lock; sourceTree = SOURCE_ROOT; };
		27EC64422657E45F003CCF5D /* Podfile */ = {isa = PBXFileReference; fileEncoding = 4; lastKnownFileType = text; path = Podfile; sourceTree = SOURCE_ROOT; xcLanguageSpecificationIdentifier = xcode.lang.ruby; };
		27EC64432657E45F003CCF5D /* LICENSE */ = {isa = PBXFileReference; fileEncoding = 4; lastKnownFileType = text; path = LICENSE; sourceTree = SOURCE_ROOT; };
		5171804D649D229E4993D9FE /* Pods_IdFramework.framework */ = {isa = PBXFileReference; explicitFileType = wrapper.framework; includeInIndex = 0; path = Pods_IdFramework.framework; sourceTree = BUILT_PRODUCTS_DIR; };
		922FD444FC3D3FF1F7192385 /* Pods-IdFramework.release.xcconfig */ = {isa = PBXFileReference; includeInIndex = 1; lastKnownFileType = text.xcconfig; name = "Pods-IdFramework.release.xcconfig"; path = "Target Support Files/Pods-IdFramework/Pods-IdFramework.release.xcconfig"; sourceTree = "<group>"; };
		A0DCC95D115E1C9B3310B6CF /* Pods-IdFramework.debug.xcconfig */ = {isa = PBXFileReference; includeInIndex = 1; lastKnownFileType = text.xcconfig; name = "Pods-IdFramework.debug.xcconfig"; path = "Target Support Files/Pods-IdFramework/Pods-IdFramework.debug.xcconfig"; sourceTree = "<group>"; };
/* End PBXFileReference section */

/* Begin PBXFrameworksBuildPhase section */
		27EC63FB2656E5B5003CCF5D /* Frameworks */ = {
			isa = PBXFrameworksBuildPhase;
			buildActionMask = 2147483647;
			files = (
				070E09900B4282540D713F6B /* Pods_IdFramework.framework in Frameworks */,
			);
			runOnlyForDeploymentPostprocessing = 0;
		};
/* End PBXFrameworksBuildPhase section */

/* Begin PBXGroup section */
		1466ABB1CE77AC88C675C04E /* Pods */ = {
			isa = PBXGroup;
			children = (
				A0DCC95D115E1C9B3310B6CF /* Pods-IdFramework.debug.xcconfig */,
				922FD444FC3D3FF1F7192385 /* Pods-IdFramework.release.xcconfig */,
			);
			path = Pods;
			sourceTree = "<group>";
		};
		27562A2D2657EB4700B52EB8 /* Products */ = {
			isa = PBXGroup;
			children = (
				2709268A2660E359000C5896 /* FirebaseAuth.framework */,
				27562A3B2657EB4700B52EB8 /* FirebaseCore.framework */,
				27562A3D2657EB4700B52EB8 /* FirebaseCoreDiagnostics.framework */,
				27562A3F2657EB4700B52EB8 /* FirebaseInstallations.framework */,
				27562A412657EB4700B52EB8 /* GoogleDataTransport.framework */,
				27562A432657EB4700B52EB8 /* GoogleUtilities.framework */,
				2709268C2660E359000C5896 /* GTMSessionFetcher.framework */,
				27562A452657EB4700B52EB8 /* nanopb.framework */,
				27562A472657EB4700B52EB8 /* Pods_IdFramework.framework */,
				27562A492657EB4700B52EB8 /* FBLPromises.framework */,
			);
			name = Products;
			sourceTree = "<group>";
		};
		27EC63F42656E5B5003CCF5D = {
			isa = PBXGroup;
			children = (
				27EC643E2657E43B003CCF5D /* Aux */,
				27EC64002656E5B5003CCF5D /* IdFramework */,
				27EC63FF2656E5B5003CCF5D /* Products */,
				1466ABB1CE77AC88C675C04E /* Pods */,
				69C892BED71F6ADF1FD0FAB7 /* Frameworks */,
			);
			sourceTree = "<group>";
		};
		27EC63FF2656E5B5003CCF5D /* Products */ = {
			isa = PBXGroup;
			children = (
				27EC63FE2656E5B5003CCF5D /* IdFramework.framework */,
			);
			name = Products;
			sourceTree = "<group>";
		};
		27EC64002656E5B5003CCF5D /* IdFramework */ = {
			isa = PBXGroup;
			children = (
				27EC640A2656E5F0003CCF5D /* Classes */,
				27EC64012656E5B5003CCF5D /* IdFramework.h */,
				27EC64022656E5B5003CCF5D /* Info.plist */,
			);
			path = IdFramework;
			sourceTree = "<group>";
		};
		27EC640A2656E5F0003CCF5D /* Classes */ = {
			isa = PBXGroup;
			children = (
				27EC640E2656E651003CCF5D /* Firebase */,
			);
			path = Classes;
			sourceTree = "<group>";
		};
		27EC640E2656E651003CCF5D /* Firebase */ = {
			isa = PBXGroup;
			children = (
				27EC643B2657B0BC003CCF5D /* FirebaseConfig.swift */,
				2709266A2660E1C9000C5896 /* FirebaseAuth.swift */,
				2709267A2660E359000C5896 /* FirebaseStorage.swift */,
			);
			path = Firebase;
			sourceTree = "<group>";
		};
		27EC643E2657E43B003CCF5D /* Aux */ = {
			isa = PBXGroup;
			children = (
				27EC643F2657E45F003CCF5D /* IdFramework.podspec */,
				27EC64432657E45F003CCF5D /* LICENSE */,
				27EC64422657E45F003CCF5D /* Podfile */,
				27EC64412657E45F003CCF5D /* Podfile.lock */,
				27EC64402657E45F003CCF5D /* README.md */,
			);
			path = Aux;
			sourceTree = "<group>";
		};
		69C892BED71F6ADF1FD0FAB7 /* Frameworks */ = {
			isa = PBXGroup;
			children = (
				27562A292657EB1F00B52EB8 /* libFirebaseCore.a */,
				27562A2C2657EB4700B52EB8 /* Pods.xcodeproj */,
				5171804D649D229E4993D9FE /* Pods_IdFramework.framework */,
			);
			name = Frameworks;
			sourceTree = "<group>";
		};
/* End PBXGroup section */

/* Begin PBXHeadersBuildPhase section */
		27EC63F92656E5B5003CCF5D /* Headers */ = {
			isa = PBXHeadersBuildPhase;
			buildActionMask = 2147483647;
			files = (
				27EC64032656E5B5003CCF5D /* IdFramework.h in Headers */,
			);
			runOnlyForDeploymentPostprocessing = 0;
		};
/* End PBXHeadersBuildPhase section */

/* Begin PBXNativeTarget section */
		27EC63FD2656E5B5003CCF5D /* IdFramework */ = {
			isa = PBXNativeTarget;
			buildConfigurationList = 27EC64062656E5B5003CCF5D /* Build configuration list for PBXNativeTarget "IdFramework" */;
			buildPhases = (
				CA44B6053BFF6F99A4F80AA8 /* [CP] Check Pods Manifest.lock */,
				27EC63F92656E5B5003CCF5D /* Headers */,
				27EC63FA2656E5B5003CCF5D /* Sources */,
				27EC63FB2656E5B5003CCF5D /* Frameworks */,
				27EC63FC2656E5B5003CCF5D /* Resources */,
				27562A682657EFF600B52EB8 /* Embed Frameworks */,
			);
			buildRules = (
			);
			dependencies = (
			);
			name = IdFramework;
			productName = IdFramework;
			productReference = 27EC63FE2656E5B5003CCF5D /* IdFramework.framework */;
			productType = "com.apple.product-type.framework";
		};
/* End PBXNativeTarget section */

/* Begin PBXProject section */
		27EC63F52656E5B5003CCF5D /* Project object */ = {
			isa = PBXProject;
			attributes = {
				LastUpgradeCheck = 1210;
				TargetAttributes = {
					27EC63FD2656E5B5003CCF5D = {
						CreatedOnToolsVersion = 12.1;
						LastSwiftMigration = 1210;
					};
				};
			};
			buildConfigurationList = 27EC63F82656E5B5003CCF5D /* Build configuration list for PBXProject "IdFramework" */;
			compatibilityVersion = "Xcode 9.3";
			developmentRegion = en;
			hasScannedForEncodings = 0;
			knownRegions = (
				en,
				Base,
			);
			mainGroup = 27EC63F42656E5B5003CCF5D;
			productRefGroup = 27EC63FF2656E5B5003CCF5D /* Products */;
			projectDirPath = "";
			projectReferences = (
				{
					ProductGroup = 27562A2D2657EB4700B52EB8 /* Products */;
					ProjectRef = 27562A2C2657EB4700B52EB8 /* Pods.xcodeproj */;
				},
			);
			projectRoot = "";
			targets = (
				27EC63FD2656E5B5003CCF5D /* IdFramework */,
			);
		};
/* End PBXProject section */

/* Begin PBXReferenceProxy section */
		2709268A2660E359000C5896 /* FirebaseAuth.framework */ = {
			isa = PBXReferenceProxy;
			fileType = wrapper.framework;
			path = FirebaseAuth.framework;
			remoteRef = 270926892660E359000C5896 /* PBXContainerItemProxy */;
			sourceTree = BUILT_PRODUCTS_DIR;
		};
		2709268C2660E359000C5896 /* GTMSessionFetcher.framework */ = {
			isa = PBXReferenceProxy;
			fileType = wrapper.framework;
			path = GTMSessionFetcher.framework;
			remoteRef = 2709268B2660E359000C5896 /* PBXContainerItemProxy */;
			sourceTree = BUILT_PRODUCTS_DIR;
		};
		27562A3B2657EB4700B52EB8 /* FirebaseCore.framework */ = {
			isa = PBXReferenceProxy;
			fileType = wrapper.framework;
			path = FirebaseCore.framework;
			remoteRef = 27562A3A2657EB4700B52EB8 /* PBXContainerItemProxy */;
			sourceTree = BUILT_PRODUCTS_DIR;
		};
		27562A3D2657EB4700B52EB8 /* FirebaseCoreDiagnostics.framework */ = {
			isa = PBXReferenceProxy;
			fileType = wrapper.framework;
			path = FirebaseCoreDiagnostics.framework;
			remoteRef = 27562A3C2657EB4700B52EB8 /* PBXContainerItemProxy */;
			sourceTree = BUILT_PRODUCTS_DIR;
		};
		27562A3F2657EB4700B52EB8 /* FirebaseInstallations.framework */ = {
			isa = PBXReferenceProxy;
			fileType = wrapper.framework;
			path = FirebaseInstallations.framework;
			remoteRef = 27562A3E2657EB4700B52EB8 /* PBXContainerItemProxy */;
			sourceTree = BUILT_PRODUCTS_DIR;
		};
		27562A412657EB4700B52EB8 /* GoogleDataTransport.framework */ = {
			isa = PBXReferenceProxy;
			fileType = wrapper.framework;
			path = GoogleDataTransport.framework;
			remoteRef = 27562A402657EB4700B52EB8 /* PBXContainerItemProxy */;
			sourceTree = BUILT_PRODUCTS_DIR;
		};
		27562A432657EB4700B52EB8 /* GoogleUtilities.framework */ = {
			isa = PBXReferenceProxy;
			fileType = wrapper.framework;
			path = GoogleUtilities.framework;
			remoteRef = 27562A422657EB4700B52EB8 /* PBXContainerItemProxy */;
			sourceTree = BUILT_PRODUCTS_DIR;
		};
		27562A452657EB4700B52EB8 /* nanopb.framework */ = {
			isa = PBXReferenceProxy;
			fileType = wrapper.framework;
			path = nanopb.framework;
			remoteRef = 27562A442657EB4700B52EB8 /* PBXContainerItemProxy */;
			sourceTree = BUILT_PRODUCTS_DIR;
		};
		27562A472657EB4700B52EB8 /* Pods_IdFramework.framework */ = {
			isa = PBXReferenceProxy;
			fileType = wrapper.framework;
			path = Pods_IdFramework.framework;
			remoteRef = 27562A462657EB4700B52EB8 /* PBXContainerItemProxy */;
			sourceTree = BUILT_PRODUCTS_DIR;
		};
		27562A492657EB4700B52EB8 /* FBLPromises.framework */ = {
			isa = PBXReferenceProxy;
			fileType = wrapper.framework;
			path = FBLPromises.framework;
			remoteRef = 27562A482657EB4700B52EB8 /* PBXContainerItemProxy */;
			sourceTree = BUILT_PRODUCTS_DIR;
		};
/* End PBXReferenceProxy section */

/* Begin PBXResourcesBuildPhase section */
		27EC63FC2656E5B5003CCF5D /* Resources */ = {
			isa = PBXResourcesBuildPhase;
			buildActionMask = 2147483647;
			files = (
				27EC64462657E45F003CCF5D /* Podfile.lock in Resources */,
				27EC64452657E45F003CCF5D /* README.md in Resources */,
				27EC64472657E45F003CCF5D /* Podfile in Resources */,
				27EC64442657E45F003CCF5D /* IdFramework.podspec in Resources */,
				27EC64482657E45F003CCF5D /* LICENSE in Resources */,
			);
			runOnlyForDeploymentPostprocessing = 0;
		};
/* End PBXResourcesBuildPhase section */

/* Begin PBXShellScriptBuildPhase section */
		CA44B6053BFF6F99A4F80AA8 /* [CP] Check Pods Manifest.lock */ = {
			isa = PBXShellScriptBuildPhase;
			buildActionMask = 2147483647;
			files = (
			);
			inputFileListPaths = (
			);
			inputPaths = (
				"${PODS_PODFILE_DIR_PATH}/Podfile.lock",
				"${PODS_ROOT}/Manifest.lock",
			);
			name = "[CP] Check Pods Manifest.lock";
			outputFileListPaths = (
			);
			outputPaths = (
				"$(DERIVED_FILE_DIR)/Pods-IdFramework-checkManifestLockResult.txt",
			);
			runOnlyForDeploymentPostprocessing = 0;
			shellPath = /bin/sh;
			shellScript = "diff \"${PODS_PODFILE_DIR_PATH}/Podfile.lock\" \"${PODS_ROOT}/Manifest.lock\" > /dev/null\nif [ $? != 0 ] ; then\n    # print error to STDERR\n    echo \"error: The sandbox is not in sync with the Podfile.lock. Run 'pod install' or update your CocoaPods installation.\" >&2\n    exit 1\nfi\n# This output is used by Xcode 'outputs' to avoid re-running this script phase.\necho \"SUCCESS\" > \"${SCRIPT_OUTPUT_FILE_0}\"\n";
			showEnvVarsInLog = 0;
		};
/* End PBXShellScriptBuildPhase section */

/* Begin PBXSourcesBuildPhase section */
		27EC63FA2656E5B5003CCF5D /* Sources */ = {
			isa = PBXSourcesBuildPhase;
			buildActionMask = 2147483647;
			files = (
				2709266B2660E1C9000C5896 /* FirebaseAuth.swift in Sources */,
				2709267B2660E359000C5896 /* FirebaseStorage.swift in Sources */,
				27EC643C2657B0BC003CCF5D /* FirebaseConfig.swift in Sources */,
			);
			runOnlyForDeploymentPostprocessing = 0;
		};
/* End PBXSourcesBuildPhase section */

/* Begin XCBuildConfiguration section */
		27EC64042656E5B5003CCF5D /* Debug */ = {
			isa = XCBuildConfiguration;
			buildSettings = {
				ALWAYS_SEARCH_USER_PATHS = NO;
				CLANG_ANALYZER_NONNULL = YES;
				CLANG_ANALYZER_NUMBER_OBJECT_CONVERSION = YES_AGGRESSIVE;
				CLANG_CXX_LANGUAGE_STANDARD = "gnu++14";
				CLANG_CXX_LIBRARY = "libc++";
				CLANG_ENABLE_MODULES = YES;
				CLANG_ENABLE_OBJC_ARC = YES;
				CLANG_ENABLE_OBJC_WEAK = YES;
				CLANG_WARN_BLOCK_CAPTURE_AUTORELEASING = YES;
				CLANG_WARN_BOOL_CONVERSION = YES;
				CLANG_WARN_COMMA = YES;
				CLANG_WARN_CONSTANT_CONVERSION = YES;
				CLANG_WARN_DEPRECATED_OBJC_IMPLEMENTATIONS = YES;
				CLANG_WARN_DIRECT_OBJC_ISA_USAGE = YES_ERROR;
				CLANG_WARN_DOCUMENTATION_COMMENTS = YES;
				CLANG_WARN_EMPTY_BODY = YES;
				CLANG_WARN_ENUM_CONVERSION = YES;
				CLANG_WARN_INFINITE_RECURSION = YES;
				CLANG_WARN_INT_CONVERSION = YES;
				CLANG_WARN_NON_LITERAL_NULL_CONVERSION = YES;
				CLANG_WARN_OBJC_IMPLICIT_RETAIN_SELF = YES;
				CLANG_WARN_OBJC_LITERAL_CONVERSION = YES;
				CLANG_WARN_OBJC_ROOT_CLASS = YES_ERROR;
				CLANG_WARN_QUOTED_INCLUDE_IN_FRAMEWORK_HEADER = YES;
				CLANG_WARN_RANGE_LOOP_ANALYSIS = YES;
				CLANG_WARN_STRICT_PROTOTYPES = YES;
				CLANG_WARN_SUSPICIOUS_MOVE = YES;
				CLANG_WARN_UNGUARDED_AVAILABILITY = YES_AGGRESSIVE;
				CLANG_WARN_UNREACHABLE_CODE = YES;
				CLANG_WARN__DUPLICATE_METHOD_MATCH = YES;
				COPY_PHASE_STRIP = NO;
				CURRENT_PROJECT_VERSION = 1;
				DEBUG_INFORMATION_FORMAT = dwarf;
				ENABLE_STRICT_OBJC_MSGSEND = YES;
				ENABLE_TESTABILITY = YES;
				GCC_C_LANGUAGE_STANDARD = gnu11;
				GCC_DYNAMIC_NO_PIC = NO;
				GCC_NO_COMMON_BLOCKS = YES;
				GCC_OPTIMIZATION_LEVEL = 0;
				GCC_PREPROCESSOR_DEFINITIONS = (
					"DEBUG=1",
					"$(inherited)",
				);
				GCC_WARN_64_TO_32_BIT_CONVERSION = YES;
				GCC_WARN_ABOUT_RETURN_TYPE = YES_ERROR;
				GCC_WARN_UNDECLARED_SELECTOR = YES;
				GCC_WARN_UNINITIALIZED_AUTOS = YES_AGGRESSIVE;
				GCC_WARN_UNUSED_FUNCTION = YES;
				GCC_WARN_UNUSED_VARIABLE = YES;
				IPHONEOS_DEPLOYMENT_TARGET = 12.0;
				MTL_ENABLE_DEBUG_INFO = INCLUDE_SOURCE;
				MTL_FAST_MATH = YES;
				ONLY_ACTIVE_ARCH = YES;
				SDKROOT = iphoneos;
				SWIFT_ACTIVE_COMPILATION_CONDITIONS = DEBUG;
				SWIFT_OPTIMIZATION_LEVEL = "-Onone";
				VERSIONING_SYSTEM = "apple-generic";
				VERSION_INFO_PREFIX = "";
			};
			name = Debug;
		};
		27EC64052656E5B5003CCF5D /* Release */ = {
			isa = XCBuildConfiguration;
			buildSettings = {
				ALWAYS_SEARCH_USER_PATHS = NO;
				CLANG_ANALYZER_NONNULL = YES;
				CLANG_ANALYZER_NUMBER_OBJECT_CONVERSION = YES_AGGRESSIVE;
				CLANG_CXX_LANGUAGE_STANDARD = "gnu++14";
				CLANG_CXX_LIBRARY = "libc++";
				CLANG_ENABLE_MODULES = YES;
				CLANG_ENABLE_OBJC_ARC = YES;
				CLANG_ENABLE_OBJC_WEAK = YES;
				CLANG_WARN_BLOCK_CAPTURE_AUTORELEASING = YES;
				CLANG_WARN_BOOL_CONVERSION = YES;
				CLANG_WARN_COMMA = YES;
				CLANG_WARN_CONSTANT_CONVERSION = YES;
				CLANG_WARN_DEPRECATED_OBJC_IMPLEMENTATIONS = YES;
				CLANG_WARN_DIRECT_OBJC_ISA_USAGE = YES_ERROR;
				CLANG_WARN_DOCUMENTATION_COMMENTS = YES;
				CLANG_WARN_EMPTY_BODY = YES;
				CLANG_WARN_ENUM_CONVERSION = YES;
				CLANG_WARN_INFINITE_RECURSION = YES;
				CLANG_WARN_INT_CONVERSION = YES;
				CLANG_WARN_NON_LITERAL_NULL_CONVERSION = YES;
				CLANG_WARN_OBJC_IMPLICIT_RETAIN_SELF = YES;
				CLANG_WARN_OBJC_LITERAL_CONVERSION = YES;
				CLANG_WARN_OBJC_ROOT_CLASS = YES_ERROR;
				CLANG_WARN_QUOTED_INCLUDE_IN_FRAMEWORK_HEADER = YES;
				CLANG_WARN_RANGE_LOOP_ANALYSIS = YES;
				CLANG_WARN_STRICT_PROTOTYPES = YES;
				CLANG_WARN_SUSPICIOUS_MOVE = YES;
				CLANG_WARN_UNGUARDED_AVAILABILITY = YES_AGGRESSIVE;
				CLANG_WARN_UNREACHABLE_CODE = YES;
				CLANG_WARN__DUPLICATE_METHOD_MATCH = YES;
				COPY_PHASE_STRIP = NO;
				CURRENT_PROJECT_VERSION = 1;
				DEBUG_INFORMATION_FORMAT = "dwarf-with-dsym";
				ENABLE_NS_ASSERTIONS = NO;
				ENABLE_STRICT_OBJC_MSGSEND = YES;
				GCC_C_LANGUAGE_STANDARD = gnu11;
				GCC_NO_COMMON_BLOCKS = YES;
				GCC_WARN_64_TO_32_BIT_CONVERSION = YES;
				GCC_WARN_ABOUT_RETURN_TYPE = YES_ERROR;
				GCC_WARN_UNDECLARED_SELECTOR = YES;
				GCC_WARN_UNINITIALIZED_AUTOS = YES_AGGRESSIVE;
				GCC_WARN_UNUSED_FUNCTION = YES;
				GCC_WARN_UNUSED_VARIABLE = YES;
				IPHONEOS_DEPLOYMENT_TARGET = 12.0;
				MTL_ENABLE_DEBUG_INFO = NO;
				MTL_FAST_MATH = YES;
				SDKROOT = iphoneos;
				SWIFT_COMPILATION_MODE = wholemodule;
				SWIFT_OPTIMIZATION_LEVEL = "-O";
				VALIDATE_PRODUCT = YES;
				VERSIONING_SYSTEM = "apple-generic";
				VERSION_INFO_PREFIX = "";
			};
			name = Release;
		};
		27EC64072656E5B5003CCF5D /* Debug */ = {
			isa = XCBuildConfiguration;
			baseConfigurationReference = A0DCC95D115E1C9B3310B6CF /* Pods-IdFramework.debug.xcconfig */;
			buildSettings = {
				CLANG_ENABLE_MODULES = YES;
				CODE_SIGN_STYLE = Automatic;
				DEFINES_MODULE = YES;
				DEVELOPMENT_TEAM = K2PPMN3WU5;
				DYLIB_COMPATIBILITY_VERSION = 1;
				DYLIB_CURRENT_VERSION = 1;
				DYLIB_INSTALL_NAME_BASE = "@rpath";
				FRAMEWORK_SEARCH_PATHS = "$(inherited)";
				INFOPLIST_FILE = IdFramework/Info.plist;
				INSTALL_PATH = "$(LOCAL_LIBRARY_DIR)/Frameworks";
				LD_RUNPATH_SEARCH_PATHS = (
					"$(inherited)",
					"@executable_path/Frameworks",
					"@loader_path/Frameworks",
				);
				PRODUCT_BUNDLE_IDENTIFIER = com.idanisrael.IdFramework;
				PRODUCT_NAME = "$(TARGET_NAME:c99extidentifier)";
				SKIP_INSTALL = YES;
				SWIFT_OPTIMIZATION_LEVEL = "-Onone";
				SWIFT_VERSION = 5.0;
				TARGETED_DEVICE_FAMILY = "1,2";
			};
			name = Debug;
		};
		27EC64082656E5B5003CCF5D /* Release */ = {
			isa = XCBuildConfiguration;
			baseConfigurationReference = 922FD444FC3D3FF1F7192385 /* Pods-IdFramework.release.xcconfig */;
			buildSettings = {
				CLANG_ENABLE_MODULES = YES;
				CODE_SIGN_STYLE = Automatic;
				DEFINES_MODULE = YES;
				DEVELOPMENT_TEAM = K2PPMN3WU5;
				DYLIB_COMPATIBILITY_VERSION = 1;
				DYLIB_CURRENT_VERSION = 1;
				DYLIB_INSTALL_NAME_BASE = "@rpath";
				FRAMEWORK_SEARCH_PATHS = "$(inherited)";
				INFOPLIST_FILE = IdFramework/Info.plist;
				INSTALL_PATH = "$(LOCAL_LIBRARY_DIR)/Frameworks";
				LD_RUNPATH_SEARCH_PATHS = (
					"$(inherited)",
					"@executable_path/Frameworks",
					"@loader_path/Frameworks",
				);
				PRODUCT_BUNDLE_IDENTIFIER = com.idanisrael.IdFramework;
				PRODUCT_NAME = "$(TARGET_NAME:c99extidentifier)";
				SKIP_INSTALL = YES;
				SWIFT_VERSION = 5.0;
				TARGETED_DEVICE_FAMILY = "1,2";
			};
			name = Release;
		};
/* End XCBuildConfiguration section */

/* Begin XCConfigurationList section */
		27EC63F82656E5B5003CCF5D /* Build configuration list for PBXProject "IdFramework" */ = {
			isa = XCConfigurationList;
			buildConfigurations = (
				27EC64042656E5B5003CCF5D /* Debug */,
				27EC64052656E5B5003CCF5D /* Release */,
			);
			defaultConfigurationIsVisible = 0;
			defaultConfigurationName = Release;
		};
		27EC64062656E5B5003CCF5D /* Build configuration list for PBXNativeTarget "IdFramework" */ = {
			isa = XCConfigurationList;
			buildConfigurations = (
				27EC64072656E5B5003CCF5D /* Debug */,
				27EC64082656E5B5003CCF5D /* Release */,
			);
			defaultConfigurationIsVisible = 0;
			defaultConfigurationName = Release;
		};
/* End XCConfigurationList section */
	};
	rootObject = 27EC63F52656E5B5003CCF5D /* Project object */;
}
